
Microsoft Visual Studio Solution File, Format Version 12.00
# Visual Studio 15
VisualStudioVersion = 15.0.28010.2003
MinimumVisualStudioVersion = 10.0.40219.1
Project("{8BC9CEB8-8B4A-11D0-8D11-00A0C91BC942}") = "Resistance", "Resistance\Resistance.vcxproj", "{F21B5B76-8197-4613-93F5-5A7FD0026839}"
EndProject
Global
	GlobalSection(SolutionConfigurationPlatforms) = preSolution
		Debug|x64 = Debug|x64
		Debug|x86 = Debug|x86
		Release|x64 = Release|x64
		Release|x86 = Release|x86
	EndGlobalSection
	GlobalSection(ProjectConfigurationPlatforms) = postSolution
		{F21B5B76-8197-4613-93F5-5A7FD0026839}.Debug|x64.ActiveCfg = Debug|x64
		{F21B5B76-8197-4613-93F5-5A7FD0026839}.Debug|x64.Build.0 = Debug|x64
		{F21B5B76-8197-4613-93F5-5A7FD0026839}.Debug|x86.ActiveCfg = Debug|Win32
		{F21B5B76-8197-4613-93F5-5A7FD0026839}.Debug|x86.Build.0 = Debug|Win32
		{F21B5B76-8197-4613-93F5-5A7FD0026839}.Release|x64.ActiveCfg = Release|x64
		{F21B5B76-8197-4613-93F5-5A7FD0026839}.Release|x64.Build.0 = Release|x64
		{F21B5B76-8197-4613-93F5-5A7FD0026839}.Release|x86.ActiveCfg = Release|Win32
		{F21B5B76-8197-4613-93F5-5A7FD0026839}.Release|x86.Build.0 = Release|Win32
	EndGlobalSection
	GlobalSection(SolutionProperties) = preSolution
		HideSolutionNode = FALSE
	EndGlobalSection
	GlobalSection(ExtensibilityGlobals) = postSolution
		SolutionGuid = {35B0A60B-638B-480E-B830-95D280D01AFC}
	EndGlobalSection
EndGlobal
